<?xml version="1.0" encoding="utf-8"?>
<Project ToolsVersion="4.0" xmlns="http://schemas.microsoft.com/developer/msbuild/2003">
  <ItemGroup>
    <Filter Include="Source Files">
      <UniqueIdentifier>{4FC737F1-C7A5-4376-A066-2A32D752A2FF}</UniqueIdentifier>
      <Extensions>cpp;c;cc;cxx;c++;cppm;ixx;def;odl;idl;hpj;bat;asm;asmx</Extensions>
    </Filter>
    <Filter Include="MemoryPool">
      <UniqueIdentifier>{93995380-89BD-4b04-88EB-625FBE52EBFB}</UniqueIdentifier>
      <Extensions>h;hh;hpp;hxx;h++;hm;inl;inc;ipp;xsd</Extensions>
    </Filter>
    <Filter Include="SharedPtr">
      <UniqueIdentifier>{93e3f15a-8eb1-4eec-8246-e1fe368f75cd}</UniqueIdentifier>
    </Filter>
  </ItemGroup>
  <ItemGroup>
    <ClCompile Include="MemoryPoolManager.cpp">
      <Filter>MemoryPool</Filter>
    </ClCompile>
    <ClCompile Include="main1.cpp">
      <Filter>Source Files</Filter>
    </ClCompile>
    <ClCompile Include="main2.cpp">
      <Filter>Source Files</Filter>
    </ClCompile>
  </ItemGroup>
  <ItemGroup>
    <ClInclude Include="MemoryPoolManager.h">
      <Filter>MemoryPool</Filter>
    </ClInclude>
    <ClInclude Include="StaticMemoryPool.h">
      <Filter>MemoryPool</Filter>
    </ClInclude>
    <ClInclude Include="RefCounter.h">
      <Filter>SharedPtr</Filter>
    </ClInclude>
    <ClInclude Include="SharedPtr.h">
      <Filter>SharedPtr</Filter>
    </ClInclude>
  </ItemGroup>
</Project>